
Microsoft Visual Studio Solution File, Format Version 12.00
# Visual Studio 14
VisualStudioVersion = 14.0.25420.1
MinimumVisualStudioVersion = 10.0.40219.1
Project("{FAE04EC0-301F-11D3-BF4B-00C04F79EFBC}") = "NotepadProject", "NotepadProject\NotepadProject.csproj", "{35164765-DD8C-4251-B18C-678C7993D651}"
EndProject
Project("{FAE04EC0-301F-11D3-BF4B-00C04F79EFBC}") = "NotepadCore", "NotepadCore\NotepadCore.csproj", "{93386E26-761B-4ECB-8365-EE3CF244D031}"
EndProject
Global
	GlobalSection(SolutionConfigurationPlatforms) = preSolution
		Debug|Any CPU = Debug|Any CPU
		Release|Any CPU = Release|Any CPU
	EndGlobalSection
	GlobalSection(ProjectConfigurationPlatforms) = postSolution
		{35164765-DD8C-4251-B18C-678C7993D651}.Debug|Any CPU.ActiveCfg = Debug|Any CPU
		{35164765-DD8C-4251-B18C-678C7993D651}.Debug|Any CPU.Build.0 = Debug|Any CPU
		{35164765-DD8C-4251-B18C-678C7993D651}.Release|Any CPU.ActiveCfg = Release|Any CPU
		{35164765-DD8C-4251-B18C-678C7993D651}.Release|Any CPU.Build.0 = Release|Any CPU
		{93386E26-761B-4ECB-8365-EE3CF244D031}.Debug|Any CPU.ActiveCfg = Debug|Any CPU
		{93386E26-761B-4ECB-8365-EE3CF244D031}.Debug|Any CPU.Build.0 = Debug|Any CPU
		{93386E26-761B-4ECB-8365-EE3CF244D031}.Release|Any CPU.ActiveCfg = Release|Any CPU
		{93386E26-761B-4ECB-8365-EE3CF244D031}.Release|Any CPU.Build.0 = Release|Any CPU
	EndGlobalSection
	GlobalSection(SolutionProperties) = preSolution
		HideSolutionNode = FALSE
	EndGlobalSection
EndGlobal
